// !$*UTF8*$!
{
	archiveVersion = 1;
	classes = {
	};
	objectVersion = 50;
	objects = {

/* Begin PBXBuildFile section */
		30804AD423C4BE5D00364F6B /* AboutView.swift in Sources */ = {isa = PBXBuildFile; fileRef = 30804AD323C4BE5D00364F6B /* AboutView.swift */; };
		30D6F04B23B2128B00D7A0D5 /* AppDelegate.swift in Sources */ = {isa = PBXBuildFile; fileRef = 30D6F04A23B2128B00D7A0D5 /* AppDelegate.swift */; };
		30D6F04D23B2128B00D7A0D5 /* SceneDelegate.swift in Sources */ = {isa = PBXBuildFile; fileRef = 30D6F04C23B2128B00D7A0D5 /* SceneDelegate.swift */; };
		30D6F04F23B2128B00D7A0D5 /* ContentView.swift in Sources */ = {isa = PBXBuildFile; fileRef = 30D6F04E23B2128B00D7A0D5 /* ContentView.swift */; };
		30D6F05123B2128C00D7A0D5 /* Assets.xcassets in Resources */ = {isa = PBXBuildFile; fileRef = 30D6F05023B2128C00D7A0D5 /* Assets.xcassets */; };
		30D6F05423B2128C00D7A0D5 /* Preview Assets.xcassets in Resources */ = {isa = PBXBuildFile; fileRef = 30D6F05323B2128C00D7A0D5 /* Preview Assets.xcassets */; };
		30D6F05723B2128C00D7A0D5 /* LaunchScreen.storyboard in Resources */ = {isa = PBXBuildFile; fileRef = 30D6F05523B2128C00D7A0D5 /* LaunchScreen.storyboard */; };
/* End PBXBuildFile section */

/* Begin PBXFileReference section */
		30804AD323C4BE5D00364F6B /* AboutView.swift */ = {isa = PBXFileReference; lastKnownFileType = sourcecode.swift; path = AboutView.swift; sourceTree = "<group>"; };
		30D6F04723B2128B00D7A0D5 /* Bull's Eye.app */ = {isa = PBXFileReference; explicitFileType = wrapper.application; includeInIndex = 0; path = "Bull's Eye.app"; sourceTree = BUILT_PRODUCTS_DIR; };
		30D6F04A23B2128B00D7A0D5 /* AppDelegate.swift */ = {isa = PBXFileReference; lastKnownFileType = sourcecode.swift; path = AppDelegate.swift; sourceTree = "<group>"; };
		30D6F04C23B2128B00D7A0D5 /* SceneDelegate.swift */ = {isa = PBXFileReference; lastKnownFileType = sourcecode.swift; path = SceneDelegate.swift; sourceTree = "<group>"; };
		30D6F04E23B2128B00D7A0D5 /* ContentView.swift */ = {isa = PBXFileReference; lastKnownFileType = sourcecode.swift; path = ContentView.swift; sourceTree = "<group>"; usesTabs = 0; };
		30D6F05023B2128C00D7A0D5 /* Assets.xcassets */ = {isa = PBXFileReference; lastKnownFileType = folder.assetcatalog; path = Assets.xcassets; sourceTree = "<group>"; };
		30D6F05323B2128C00D7A0D5 /* Preview Assets.xcassets */ = {isa = PBXFileReference; lastKnownFileType = folder.assetcatalog; path = "Preview Assets.xcassets"; sourceTree = "<group>"; };
		30D6F05623B2128C00D7A0D5 /* Base */ = {isa = PBXFileReference; lastKnownFileType = file.storyboard; name = Base; path = Base.lproj/LaunchScreen.storyboard; sourceTree = "<group>"; };
		30D6F05823B2128C00D7A0D5 /* Info.plist */ = {isa = PBXFileReference; lastKnownFileType = text.plist.xml; path = Info.plist; sourceTree = "<group>"; };
/* End PBXFileReference section */

/* Begin PBXFrameworksBuildPhase section */
		30D6F04423B2128B00D7A0D5 /* Frameworks */ = {
			isa = PBXFrameworksBuildPhase;
			buildActionMask = 2147483647;
			files = (
			);
			runOnlyForDeploymentPostprocessing = 0;
		};
/* End PBXFrameworksBuildPhase section */

/* Begin PBXGroup section */
		30D6F03E23B2128B00D7A0D5 = {
			isa = PBXGroup;
			children = (
				30D6F04923B2128B00D7A0D5 /* bullseye */,
				30D6F04823B2128B00D7A0D5 /* Products */,
			);
			sourceTree = "<group>";
		};
		30D6F04823B2128B00D7A0D5 /* Products */ = {
			isa = PBXGroup;
			children = (
				30D6F04723B2128B00D7A0D5 /* Bull's Eye.app */,
			);
			name = Products;
			sourceTree = "<group>";
		};
		30D6F04923B2128B00D7A0D5 /* bullseye */ = {
			isa = PBXGroup;
			children = (
				30D6F04A23B2128B00D7A0D5 /* AppDelegate.swift */,
				30D6F04C23B2128B00D7A0D5 /* SceneDelegate.swift */,
				30D6F04E23B2128B00D7A0D5 /* ContentView.swift */,
				30804AD323C4BE5D00364F6B /* AboutView.swift */,
				30D6F05023B2128C00D7A0D5 /* Assets.xcassets */,
				30D6F05523B2128C00D7A0D5 /* LaunchScreen.storyboard */,
				30D6F05823B2128C00D7A0D5 /* Info.plist */,
				30D6F05223B2128C00D7A0D5 /* Preview Content */,
			);
			path = bullseye;
			sourceTree = "<group>";
		};
		30D6F05223B2128C00D7A0D5 /* Preview Content */ = {
			isa = PBXGroup;
			children = (
				30D6F05323B2128C00D7A0D5 /* Preview Assets.xcassets */,
			);
			path = "Preview Content";
			sourceTree = "<group>";
		};
/* End PBXGroup section */

/* Begin PBXNativeTarget section */
		30D6F04623B2128B00D7A0D5 /* bullseye */ = {
			isa = PBXNativeTarget;
			buildConfigurationList = 30D6F05B23B2128C00D7A0D5 /* Build configuration list for PBXNativeTarget "bullseye" */;
			buildPhases = (
				30D6F04323B2128B00D7A0D5 /* Sources */,
				30D6F04423B2128B00D7A0D5 /* Frameworks */,
				30D6F04523B2128B00D7A0D5 /* Resources */,
			);
			buildRules = (
			);
			dependencies = (
			);
			name = bullseye;
			productName = bullseye;
			productReference = 30D6F04723B2128B00D7A0D5 /* Bull's Eye.app */;
			productType = "com.apple.product-type.application";
		};
/* End PBXNativeTarget section */

/* Begin PBXProject section */
		30D6F03F23B2128B00D7A0D5 /* Project object */ = {
			isa = PBXProject;
			attributes = {
				LastSwiftUpdateCheck = 1130;
				LastUpgradeCheck = 1130;
				ORGANIZATIONNAME = "Alexandre Rodriguez";
				TargetAttributes = {
					30D6F04623B2128B00D7A0D5 = {
						CreatedOnToolsVersion = 11.3;
					};
				};
			};
			buildConfigurationList = 30D6F04223B2128B00D7A0D5 /* Build configuration list for PBXProject "bullseye" */;
			compatibilityVersion = "Xcode 9.3";
			developmentRegion = en;
			hasScannedForEncodings = 0;
			knownRegions = (
				en,
				Base,
			);
			mainGroup = 30D6F03E23B2128B00D7A0D5;
			productRefGroup = 30D6F04823B2128B00D7A0D5 /* Products */;
			projectDirPath = "";
			projectRoot = "";
			targets = (
				30D6F04623B2128B00D7A0D5 /* bullseye */,
			);
		};
/* End PBXProject section */

/* Begin PBXResourcesBuildPhase section */
		30D6F04523B2128B00D7A0D5 /* Resources */ = {
			isa = PBXResourcesBuildPhase;
			buildActionMask = 2147483647;
			files = (
				30D6F05723B2128C00D7A0D5 /* LaunchScreen.storyboard in Resources */,
				30D6F05423B2128C00D7A0D5 /* Preview Assets.xcassets in Resources */,
				30D6F05123B2128C00D7A0D5 /* Assets.xcassets in Resources */,
			);
			runOnlyForDeploymentPostprocessing = 0;
		};
/* End PBXResourcesBuildPhase section */

/* Begin PBXSourcesBuildPhase section */
		30D6F04323B2128B00D7A0D5 /* Sources */ = {
			isa = PBXSourcesBuildPhase;
			buildActionMask = 2147483647;
			files = (
				30804AD423C4BE5D00364F6B /* AboutView.swift in Sources */,
				30D6F04B23B2128B00D7A0D5 /* AppDelegate.swift in Sources */,
				30D6F04D23B2128B00D7A0D5 /* SceneDelegate.swift in Sources */,
				30D6F04F23B2128B00D7A0D5 /* ContentView.swift in Sources */,
			);
			runOnlyForDeploymentPostprocessing = 0;
		};
/* End PBXSourcesBuildPhase section */

/* Begin PBXVariantGroup section */
		30D6F05523B2128C00D7A0D5 /* LaunchScreen.storyboard */ = {
			isa = PBXVariantGroup;
			children = (
				30D6F05623B2128C00D7A0D5 /* Base */,
			);
			name = LaunchScreen.storyboard;
			sourceTree = "<group>";
		};
/* End PBXVariantGroup section */

/* Begin XCBuildConfiguration section */
		30D6F05923B2128C00D7A0D5 /* Debug */ = {
			isa = XCBuildConfiguration;
			buildSettings = {
				ALWAYS_SEARCH_USER_PATHS = NO;
				CLANG_ANALYZER_NONNULL = YES;
				CLANG_ANALYZER_NUMBER_OBJECT_CONVERSION = YES_AGGRESSIVE;
				CLANG_CXX_LANGUAGE_STANDARD = "gnu++14";
				CLANG_CXX_LIBRARY = "libc++";
				CLANG_ENABLE_MODULES = YES;
				CLANG_ENABLE_OBJC_ARC = YES;
				CLANG_ENABLE_OBJC_WEAK = YES;
				CLANG_WARN_BLOCK_CAPTURE_AUTORELEASING = YES;
				CLANG_WARN_BOOL_CONVERSION = YES;
				CLANG_WARN_COMMA = YES;
				CLANG_WARN_CONSTANT_CONVERSION = YES;
				CLANG_WARN_DEPRECATED_OBJC_IMPLEMENTATIONS = YES;
				CLANG_WARN_DIRECT_OBJC_ISA_USAGE = YES_ERROR;
				CLANG_WARN_DOCUMENTATION_COMMENTS = YES;
				CLANG_WARN_EMPTY_BODY = YES;
				CLANG_WARN_ENUM_CONVERSION = YES;
				CLANG_WARN_INFINITE_RECURSION = YES;
				CLANG_WARN_INT_CONVERSION = YES;
				CLANG_WARN_NON_LITERAL_NULL_CONVERSION = YES;
				CLANG_WARN_OBJC_IMPLICIT_RETAIN_SELF = YES;
				CLANG_WARN_OBJC_LITERAL_CONVERSION = YES;
				CLANG_WARN_OBJC_ROOT_CLASS = YES_ERROR;
				CLANG_WARN_RANGE_LOOP_ANALYSIS = YES;
				CLANG_WARN_STRICT_PROTOTYPES = YES;
				CLANG_WARN_SUSPICIOUS_MOVE = YES;
				CLANG_WARN_UNGUARDED_AVAILABILITY = YES_AGGRESSIVE;
				CLANG_WARN_UNREACHABLE_CODE = YES;
				CLANG_WARN__DUPLICATE_METHOD_MATCH = YES;
				COPY_PHASE_STRIP = NO;
				DEBUG_INFORMATION_FORMAT = dwarf;
				ENABLE_STRICT_OBJC_MSGSEND = YES;
				ENABLE_TESTABILITY = YES;
				GCC_C_LANGUAGE_STANDARD = gnu11;
				GCC_DYNAMIC_NO_PIC = NO;
				GCC_NO_COMMON_BLOCKS = YES;
				GCC_OPTIMIZATION_LEVEL = 0;
				GCC_PREPROCESSOR_DEFINITIONS = (
					"DEBUG=1",
					"$(inherited)",
				);
				GCC_WARN_64_TO_32_BIT_CONVERSION = YES;
				GCC_WARN_ABOUT_RETURN_TYPE = YES_ERROR;
				GCC_WARN_UNDECLARED_SELECTOR = YES;
				GCC_WARN_UNINITIALIZED_AUTOS = YES_AGGRESSIVE;
				GCC_WARN_UNUSED_FUNCTION = YES;
				GCC_WARN_UNUSED_VARIABLE = YES;
				IPHONEOS_DEPLOYMENT_TARGET = 13.2;
				MTL_ENABLE_DEBUG_INFO = INCLUDE_SOURCE;
				MTL_FAST_MATH = YES;
				ONLY_ACTIVE_ARCH = YES;
				SDKROOT = iphoneos;
				SWIFT_ACTIVE_COMPILATION_CONDITIONS = DEBUG;
				SWIFT_OPTIMIZATION_LEVEL = "-Onone";
			};
			name = Debug;
		};
		30D6F05A23B2128C00D7A0D5 /* Release */ = {
			isa = XCBuildConfiguration;
			buildSettings = {
				ALWAYS_SEARCH_USER_PATHS = NO;
				CLANG_ANALYZER_NONNULL = YES;
				CLANG_ANALYZER_NUMBER_OBJECT_CONVERSION = YES_AGGRESSIVE;
				CLANG_CXX_LANGUAGE_STANDARD = "gnu++14";
				CLANG_CXX_LIBRARY = "libc++";
				CLANG_ENABLE_MODULES = YES;
				CLANG_ENABLE_OBJC_ARC = YES;
				CLANG_ENABLE_OBJC_WEAK = YES;
				CLANG_WARN_BLOCK_CAPTURE_AUTORELEASING = YES;
				CLANG_WARN_BOOL_CONVERSION = YES;
				CLANG_WARN_COMMA = YES;
				CLANG_WARN_CONSTANT_CONVERSION = YES;
				CLANG_WARN_DEPRECATED_OBJC_IMPLEMENTATIONS = YES;
				CLANG_WARN_DIRECT_OBJC_ISA_USAGE = YES_ERROR;
				CLANG_WARN_DOCUMENTATION_COMMENTS = YES;
				CLANG_WARN_EMPTY_BODY = YES;
				CLANG_WARN_ENUM_CONVERSION = YES;
				CLANG_WARN_INFINITE_RECURSION = YES;
				CLANG_WARN_INT_CONVERSION = YES;
				CLANG_WARN_NON_LITERAL_NULL_CONVERSION = YES;
				CLANG_WARN_OBJC_IMPLICIT_RETAIN_SELF = YES;
				CLANG_WARN_OBJC_LITERAL_CONVERSION = YES;
				CLANG_WARN_OBJC_ROOT_CLASS = YES_ERROR;
				CLANG_WARN_RANGE_LOOP_ANALYSIS = YES;
				CLANG_WARN_STRICT_PROTOTYPES = YES;
				CLANG_WARN_SUSPICIOUS_MOVE = YES;
				CLANG_WARN_UNGUARDED_AVAILABILITY = YES_AGGRESSIVE;
				CLANG_WARN_UNREACHABLE_CODE = YES;
				CLANG_WARN__DUPLICATE_METHOD_MATCH = YES;
				COPY_PHASE_STRIP = NO;
				DEBUG_INFORMATION_FORMAT = "dwarf-with-dsym";
				ENABLE_NS_ASSERTIONS = NO;
				ENABLE_STRICT_OBJC_MSGSEND = YES;
				GCC_C_LANGUAGE_STANDARD = gnu11;
				GCC_NO_COMMON_BLOCKS = YES;
				GCC_WARN_64_TO_32_BIT_CONVERSION = YES;
				GCC_WARN_ABOUT_RETURN_TYPE = YES_ERROR;
				GCC_WARN_UNDECLARED_SELECTOR = YES;
				GCC_WARN_UNINITIALIZED_AUTOS = YES_AGGRESSIVE;
				GCC_WARN_UNUSED_FUNCTION = YES;
				GCC_WARN_UNUSED_VARIABLE = YES;
				IPHONEOS_DEPLOYMENT_TARGET = 13.2;
				MTL_ENABLE_DEBUG_INFO = NO;
				MTL_FAST_MATH = YES;
				SDKROOT = iphoneos;
				SWIFT_COMPILATION_MODE = wholemodule;
				SWIFT_OPTIMIZATION_LEVEL = "-O";
				VALIDATE_PRODUCT = YES;
			};
			name = Release;
		};
		30D6F05C23B2128C00D7A0D5 /* Debug */ = {
			isa = XCBuildConfiguration;
			buildSettings = {
				ASSETCATALOG_COMPILER_APPICON_NAME = AppIcon;
				CODE_SIGN_STYLE = Automatic;
				DEVELOPMENT_ASSET_PATHS = "\"bullseye/Preview Content\"";
				ENABLE_PREVIEWS = YES;
				INFOPLIST_FILE = bullseye/Info.plist;
				LD_RUNPATH_SEARCH_PATHS = (
					"$(inherited)",
					"@executable_path/Frameworks",
				);
				PRODUCT_BUNDLE_IDENTIFIER = "com.Alexandre-Rodriguez.bullseye";
				PRODUCT_NAME = "Bull's Eye";
				SWIFT_VERSION = 5.0;
				TARGETED_DEVICE_FAMILY = "1,2";
			};
			name = Debug;
		};
		30D6F05D23B2128C00D7A0D5 /* Release */ = {
			isa = XCBuildConfiguration;
			buildSettings = {
				ASSETCATALOG_COMPILER_APPICON_NAME = AppIcon;
				CODE_SIGN_STYLE = Automatic;
				DEVELOPMENT_ASSET_PATHS = "\"bullseye/Preview Content\"";
				ENABLE_PREVIEWS = YES;
				INFOPLIST_FILE = bullseye/Info.plist;
				LD_RUNPATH_SEARCH_PATHS = (
					"$(inherited)",
					"@executable_path/Frameworks",
				);
				PRODUCT_BUNDLE_IDENTIFIER = "com.Alexandre-Rodriguez.bullseye";
				PRODUCT_NAME = "Bull's Eye";
				SWIFT_VERSION = 5.0;
				TARGETED_DEVICE_FAMILY = "1,2";
			};
			name = Release;
		};
/* End XCBuildConfiguration section */

/* Begin XCConfigurationList section */
		30D6F04223B2128B00D7A0D5 /* Build configuration list for PBXProject "bullseye" */ = {
			isa = XCConfigurationList;
			buildConfigurations = (
				30D6F05923B2128C00D7A0D5 /* Debug */,
				30D6F05A23B2128C00D7A0D5 /* Release */,
			);
			defaultConfigurationIsVisible = 0;
			defaultConfigurationName = Release;
		};
		30D6F05B23B2128C00D7A0D5 /* Build configuration list for PBXNativeTarget "bullseye" */ = {
			isa = XCConfigurationList;
			buildConfigurations = (
				30D6F05C23B2128C00D7A0D5 /* Debug */,
				30D6F05D23B2128C00D7A0D5 /* Release */,
			);
			defaultConfigurationIsVisible = 0;
			defaultConfigurationName = Release;
		};
/* End XCConfigurationList section */
	};
	rootObject = 30D6F03F23B2128B00D7A0D5 /* Project object */;
}
